{
  "name": "universal-code",
  "version": "0.1.0",
  "lockfileVersion": 3,
  "requires": true,
  "packages": {
    "": {
      "name": "universal-code",
      "version": "0.1.0",
      "license": "MIT",
      "bin": {
        "ucode": "bin/ucode.js"
      },
      "engines": {
        "node": ">=18.17.0"
      }
    }
  }
}
